
Microsoft Visual Studio Solution File, Format Version 12.00
Project("{FAE04EC0-301F-11D3-BF4B-00C04F79EFBC}") = "Composite", "Composite\Composite.csproj", "{7F294175-D854-4D91-B575-DF30C408B194}"
EndProject
Global
	GlobalSection(SolutionConfigurationPlatforms) = preSolution
		Debug|Any CPU = Debug|Any CPU
		Release|Any CPU = Release|Any CPU
	EndGlobalSection
	GlobalSection(ProjectConfigurationPlatforms) = postSolution
		{7F294175-D854-4D91-B575-DF30C408B194}.Debug|Any CPU.ActiveCfg = Debug|Any CPU
		{7F294175-D854-4D91-B575-DF30C408B194}.Debug|Any CPU.Build.0 = Debug|Any CPU
		{7F294175-D854-4D91-B575-DF30C408B194}.Release|Any CPU.ActiveCfg = Release|Any CPU
		{7F294175-D854-4D91-B575-DF30C408B194}.Release|Any CPU.Build.0 = Release|Any CPU
	EndGlobalSection
EndGlobal
